// !$*UTF8*$!
{
	archiveVersion = 1;
	classes = {
	};
	objectVersion = 50;
	objects = {

/* Begin PBXBuildFile section */
		1F4E2210238B7E8200284388 /* AppDelegate.m in Sources */ = {isa = PBXBuildFile; fileRef = 1F4E220F238B7E8200284388 /* AppDelegate.m */; };
		1F4E2213238B7E8200284388 /* ViewController.m in Sources */ = {isa = PBXBuildFile; fileRef = 1F4E2212238B7E8200284388 /* ViewController.m */; };
		1F4E2216238B7E8200284388 /* Main.storyboard in Resources */ = {isa = PBXBuildFile; fileRef = 1F4E2214238B7E8200284388 /* Main.storyboard */; };
		1F4E2218238B7E8500284388 /* Assets.xcassets in Resources */ = {isa = PBXBuildFile; fileRef = 1F4E2217238B7E8500284388 /* Assets.xcassets */; };
		1F4E221B238B7E8500284388 /* LaunchScreen.storyboard in Resources */ = {isa = PBXBuildFile; fileRef = 1F4E2219238B7E8500284388 /* LaunchScreen.storyboard */; };
		1F4E221E238B7E8500284388 /* main.m in Sources */ = {isa = PBXBuildFile; fileRef = 1F4E221D238B7E8500284388 /* main.m */; };
		1F4E2265238B80E100284388 /* NSLayoutConstraint+MASDebugAdditions.m in Sources */ = {isa = PBXBuildFile; fileRef = 1F4E224C238B80E100284388 /* NSLayoutConstraint+MASDebugAdditions.m */; };
		1F4E2266238B80E100284388 /* ViewController+MASAdditions.m in Sources */ = {isa = PBXBuildFile; fileRef = 1F4E2255238B80E100284388 /* ViewController+MASAdditions.m */; };
		1F4E2267238B80E100284388 /* MASCompositeConstraint.m in Sources */ = {isa = PBXBuildFile; fileRef = 1F4E2259238B80E100284388 /* MASCompositeConstraint.m */; };
		1F4E2268238B80E100284388 /* MASConstraintMaker.m in Sources */ = {isa = PBXBuildFile; fileRef = 1F4E225A238B80E100284388 /* MASConstraintMaker.m */; };
		1F4E2269238B80E100284388 /* MASLayoutConstraint.m in Sources */ = {isa = PBXBuildFile; fileRef = 1F4E225B238B80E100284388 /* MASLayoutConstraint.m */; };
		1F4E226A238B80E100284388 /* NSArray+MASAdditions.m in Sources */ = {isa = PBXBuildFile; fileRef = 1F4E225C238B80E100284388 /* NSArray+MASAdditions.m */; };
		1F4E226B238B80E100284388 /* View+MASAdditions.m in Sources */ = {isa = PBXBuildFile; fileRef = 1F4E225D238B80E100284388 /* View+MASAdditions.m */; };
		1F4E226C238B80E100284388 /* MASConstraint.m in Sources */ = {isa = PBXBuildFile; fileRef = 1F4E2260238B80E100284388 /* MASConstraint.m */; };
		1F4E226D238B80E100284388 /* MASViewConstraint.m in Sources */ = {isa = PBXBuildFile; fileRef = 1F4E2262238B80E100284388 /* MASViewConstraint.m */; };
		1F4E226E238B80E100284388 /* MASViewAttribute.m in Sources */ = {isa = PBXBuildFile; fileRef = 1F4E2263238B80E100284388 /* MASViewAttribute.m */; };
		1F4E2273238B817200284388 /* MSSegmentedControl.m in Sources */ = {isa = PBXBuildFile; fileRef = 1F4E2272238B817200284388 /* MSSegmentedControl.m */; };
/* End PBXBuildFile section */

/* Begin PBXFileReference section */
		1F4E220B238B7E8200284388 /* MSSegmentControl.app */ = {isa = PBXFileReference; explicitFileType = wrapper.application; includeInIndex = 0; path = MSSegmentControl.app; sourceTree = BUILT_PRODUCTS_DIR; };
		1F4E220E238B7E8200284388 /* AppDelegate.h */ = {isa = PBXFileReference; lastKnownFileType = sourcecode.c.h; path = AppDelegate.h; sourceTree = "<group>"; };
		1F4E220F238B7E8200284388 /* AppDelegate.m */ = {isa = PBXFileReference; lastKnownFileType = sourcecode.c.objc; path = AppDelegate.m; sourceTree = "<group>"; };
		1F4E2211238B7E8200284388 /* ViewController.h */ = {isa = PBXFileReference; lastKnownFileType = sourcecode.c.h; path = ViewController.h; sourceTree = "<group>"; };
		1F4E2212238B7E8200284388 /* ViewController.m */ = {isa = PBXFileReference; lastKnownFileType = sourcecode.c.objc; path = ViewController.m; sourceTree = "<group>"; };
		1F4E2215238B7E8200284388 /* Base */ = {isa = PBXFileReference; lastKnownFileType = file.storyboard; name = Base; path = Base.lproj/Main.storyboard; sourceTree = "<group>"; };
		1F4E2217238B7E8500284388 /* Assets.xcassets */ = {isa = PBXFileReference; lastKnownFileType = folder.assetcatalog; path = Assets.xcassets; sourceTree = "<group>"; };
		1F4E221A238B7E8500284388 /* Base */ = {isa = PBXFileReference; lastKnownFileType = file.storyboard; name = Base; path = Base.lproj/LaunchScreen.storyboard; sourceTree = "<group>"; };
		1F4E221C238B7E8500284388 /* Info.plist */ = {isa = PBXFileReference; lastKnownFileType = text.plist.xml; path = Info.plist; sourceTree = "<group>"; };
		1F4E221D238B7E8500284388 /* main.m */ = {isa = PBXFileReference; lastKnownFileType = sourcecode.c.objc; path = main.m; sourceTree = "<group>"; };
		1F4E224B238B80E100284388 /* MASCompositeConstraint.h */ = {isa = PBXFileReference; fileEncoding = 4; lastKnownFileType = sourcecode.c.h; path = MASCompositeConstraint.h; sourceTree = "<group>"; };
		1F4E224C238B80E100284388 /* NSLayoutConstraint+MASDebugAdditions.m */ = {isa = PBXFileReference; fileEncoding = 4; lastKnownFileType = sourcecode.c.objc; path = "NSLayoutConstraint+MASDebugAdditions.m"; sourceTree = "<group>"; };
		1F4E224D238B80E100284388 /* MASConstraint+Private.h */ = {isa = PBXFileReference; fileEncoding = 4; lastKnownFileType = sourcecode.c.h; path = "MASConstraint+Private.h"; sourceTree = "<group>"; };
		1F4E224E238B80E100284388 /* MASLayoutConstraint.h */ = {isa = PBXFileReference; fileEncoding = 4; lastKnownFileType = sourcecode.c.h; path = MASLayoutConstraint.h; sourceTree = "<group>"; };
		1F4E224F238B80E100284388 /* NSArray+MASShorthandAdditions.h */ = {isa = PBXFileReference; fileEncoding = 4; lastKnownFileType = sourcecode.c.h; path = "NSArray+MASShorthandAdditions.h"; sourceTree = "<group>"; };
		1F4E2250238B80E100284388 /* MASConstraintMaker.h */ = {isa = PBXFileReference; fileEncoding = 4; lastKnownFileType = sourcecode.c.h; path = MASConstraintMaker.h; sourceTree = "<group>"; };
		1F4E2251238B80E100284388 /* View+MASAdditions.h */ = {isa = PBXFileReference; fileEncoding = 4; lastKnownFileType = sourcecode.c.h; path = "View+MASAdditions.h"; sourceTree = "<group>"; };
		1F4E2252238B80E100284388 /* NSArray+MASAdditions.h */ = {isa = PBXFileReference; fileEncoding = 4; lastKnownFileType = sourcecode.c.h; path = "NSArray+MASAdditions.h"; sourceTree = "<group>"; };
		1F4E2253238B80E100284388 /* MASUtilities.h */ = {isa = PBXFileReference; fileEncoding = 4; lastKnownFileType = sourcecode.c.h; path = MASUtilities.h; sourceTree = "<group>"; };
		1F4E2254238B80E100284388 /* MASViewAttribute.h */ = {isa = PBXFileReference; fileEncoding = 4; lastKnownFileType = sourcecode.c.h; path = MASViewAttribute.h; sourceTree = "<group>"; };
		1F4E2255238B80E100284388 /* ViewController+MASAdditions.m */ = {isa = PBXFileReference; fileEncoding = 4; lastKnownFileType = sourcecode.c.objc; path = "ViewController+MASAdditions.m"; sourceTree = "<group>"; };
		1F4E2256238B80E100284388 /* MASViewConstraint.h */ = {isa = PBXFileReference; fileEncoding = 4; lastKnownFileType = sourcecode.c.h; path = MASViewConstraint.h; sourceTree = "<group>"; };
		1F4E2257238B80E100284388 /* MASConstraint.h */ = {isa = PBXFileReference; fileEncoding = 4; lastKnownFileType = sourcecode.c.h; path = MASConstraint.h; sourceTree = "<group>"; };
		1F4E2258238B80E100284388 /* NSLayoutConstraint+MASDebugAdditions.h */ = {isa = PBXFileReference; fileEncoding = 4; lastKnownFileType = sourcecode.c.h; path = "NSLayoutConstraint+MASDebugAdditions.h"; sourceTree = "<group>"; };
		1F4E2259238B80E100284388 /* MASCompositeConstraint.m */ = {isa = PBXFileReference; fileEncoding = 4; lastKnownFileType = sourcecode.c.objc; path = MASCompositeConstraint.m; sourceTree = "<group>"; };
		1F4E225A238B80E100284388 /* MASConstraintMaker.m */ = {isa = PBXFileReference; fileEncoding = 4; lastKnownFileType = sourcecode.c.objc; path = MASConstraintMaker.m; sourceTree = "<group>"; };
		1F4E225B238B80E100284388 /* MASLayoutConstraint.m */ = {isa = PBXFileReference; fileEncoding = 4; lastKnownFileType = sourcecode.c.objc; path = MASLayoutConstraint.m; sourceTree = "<group>"; };
		1F4E225C238B80E100284388 /* NSArray+MASAdditions.m */ = {isa = PBXFileReference; fileEncoding = 4; lastKnownFileType = sourcecode.c.objc; path = "NSArray+MASAdditions.m"; sourceTree = "<group>"; };
		1F4E225D238B80E100284388 /* View+MASAdditions.m */ = {isa = PBXFileReference; fileEncoding = 4; lastKnownFileType = sourcecode.c.objc; path = "View+MASAdditions.m"; sourceTree = "<group>"; };
		1F4E225E238B80E100284388 /* View+MASShorthandAdditions.h */ = {isa = PBXFileReference; fileEncoding = 4; lastKnownFileType = sourcecode.c.h; path = "View+MASShorthandAdditions.h"; sourceTree = "<group>"; };
		1F4E225F238B80E100284388 /* Masonry.h */ = {isa = PBXFileReference; fileEncoding = 4; lastKnownFileType = sourcecode.c.h; path = Masonry.h; sourceTree = "<group>"; };
		1F4E2260238B80E100284388 /* MASConstraint.m */ = {isa = PBXFileReference; fileEncoding = 4; lastKnownFileType = sourcecode.c.objc; path = MASConstraint.m; sourceTree = "<group>"; };
		1F4E2261238B80E100284388 /* ViewController+MASAdditions.h */ = {isa = PBXFileReference; fileEncoding = 4; lastKnownFileType = sourcecode.c.h; path = "ViewController+MASAdditions.h"; sourceTree = "<group>"; };
		1F4E2262238B80E100284388 /* MASViewConstraint.m */ = {isa = PBXFileReference; fileEncoding = 4; lastKnownFileType = sourcecode.c.objc; path = MASViewConstraint.m; sourceTree = "<group>"; };
		1F4E2263238B80E100284388 /* MASViewAttribute.m */ = {isa = PBXFileReference; fileEncoding = 4; lastKnownFileType = sourcecode.c.objc; path = MASViewAttribute.m; sourceTree = "<group>"; };
		1F4E2271238B817200284388 /* MSSegmentedControl.h */ = {isa = PBXFileReference; fileEncoding = 4; lastKnownFileType = sourcecode.c.h; path = MSSegmentedControl.h; sourceTree = "<group>"; };
		1F4E2272238B817200284388 /* MSSegmentedControl.m */ = {isa = PBXFileReference; fileEncoding = 4; lastKnownFileType = sourcecode.c.objc; path = MSSegmentedControl.m; sourceTree = "<group>"; };
/* End PBXFileReference section */

/* Begin PBXFrameworksBuildPhase section */
		1F4E2208238B7E8200284388 /* Frameworks */ = {
			isa = PBXFrameworksBuildPhase;
			buildActionMask = 2147483647;
			files = (
			);
			runOnlyForDeploymentPostprocessing = 0;
		};
/* End PBXFrameworksBuildPhase section */

/* Begin PBXGroup section */
		1F4E2202238B7E8200284388 = {
			isa = PBXGroup;
			children = (
				1F4E220D238B7E8200284388 /* MSSegmentedControlDemo */,
				1F4E220C238B7E8200284388 /* Products */,
			);
			sourceTree = "<group>";
		};
		1F4E220C238B7E8200284388 /* Products */ = {
			isa = PBXGroup;
			children = (
				1F4E220B238B7E8200284388 /* MSSegmentControl.app */,
			);
			name = Products;
			sourceTree = "<group>";
		};
		1F4E220D238B7E8200284388 /* MSSegmentedControlDemo */ = {
			isa = PBXGroup;
			children = (
				1F4E2270238B817200284388 /* MSSegmentedControl */,
				1F4E224A238B80E100284388 /* Masonry */,
				1F4E220E238B7E8200284388 /* AppDelegate.h */,
				1F4E220F238B7E8200284388 /* AppDelegate.m */,
				1F4E2211238B7E8200284388 /* ViewController.h */,
				1F4E2212238B7E8200284388 /* ViewController.m */,
				1F4E2214238B7E8200284388 /* Main.storyboard */,
				1F4E2217238B7E8500284388 /* Assets.xcassets */,
				1F4E2219238B7E8500284388 /* LaunchScreen.storyboard */,
				1F4E221C238B7E8500284388 /* Info.plist */,
				1F4E221D238B7E8500284388 /* main.m */,
			);
			path = MSSegmentedControlDemo;
			sourceTree = "<group>";
		};
		1F4E224A238B80E100284388 /* Masonry */ = {
			isa = PBXGroup;
			children = (
				1F4E224B238B80E100284388 /* MASCompositeConstraint.h */,
				1F4E224C238B80E100284388 /* NSLayoutConstraint+MASDebugAdditions.m */,
				1F4E224D238B80E100284388 /* MASConstraint+Private.h */,
				1F4E224E238B80E100284388 /* MASLayoutConstraint.h */,
				1F4E224F238B80E100284388 /* NSArray+MASShorthandAdditions.h */,
				1F4E2250238B80E100284388 /* MASConstraintMaker.h */,
				1F4E2251238B80E100284388 /* View+MASAdditions.h */,
				1F4E2252238B80E100284388 /* NSArray+MASAdditions.h */,
				1F4E2253238B80E100284388 /* MASUtilities.h */,
				1F4E2254238B80E100284388 /* MASViewAttribute.h */,
				1F4E2255238B80E100284388 /* ViewController+MASAdditions.m */,
				1F4E2256238B80E100284388 /* MASViewConstraint.h */,
				1F4E2257238B80E100284388 /* MASConstraint.h */,
				1F4E2258238B80E100284388 /* NSLayoutConstraint+MASDebugAdditions.h */,
				1F4E2259238B80E100284388 /* MASCompositeConstraint.m */,
				1F4E225A238B80E100284388 /* MASConstraintMaker.m */,
				1F4E225B238B80E100284388 /* MASLayoutConstraint.m */,
				1F4E225C238B80E100284388 /* NSArray+MASAdditions.m */,
				1F4E225D238B80E100284388 /* View+MASAdditions.m */,
				1F4E225E238B80E100284388 /* View+MASShorthandAdditions.h */,
				1F4E225F238B80E100284388 /* Masonry.h */,
				1F4E2260238B80E100284388 /* MASConstraint.m */,
				1F4E2261238B80E100284388 /* ViewController+MASAdditions.h */,
				1F4E2262238B80E100284388 /* MASViewConstraint.m */,
				1F4E2263238B80E100284388 /* MASViewAttribute.m */,
			);
			path = Masonry;
			sourceTree = "<group>";
		};
		1F4E2270238B817200284388 /* MSSegmentedControl */ = {
			isa = PBXGroup;
			children = (
				1F4E2271238B817200284388 /* MSSegmentedControl.h */,
				1F4E2272238B817200284388 /* MSSegmentedControl.m */,
			);
			path = MSSegmentedControl;
			sourceTree = "<group>";
		};
/* End PBXGroup section */

/* Begin PBXNativeTarget section */
		1F4E220A238B7E8200284388 /* MSSegmentControl */ = {
			isa = PBXNativeTarget;
			buildConfigurationList = 1F4E2221238B7E8500284388 /* Build configuration list for PBXNativeTarget "MSSegmentControl" */;
			buildPhases = (
				1F4E2207238B7E8200284388 /* Sources */,
				1F4E2208238B7E8200284388 /* Frameworks */,
				1F4E2209238B7E8200284388 /* Resources */,
			);
			buildRules = (
			);
			dependencies = (
			);
			name = MSSegmentControl;
			productName = MSSegmentControl;
			productReference = 1F4E220B238B7E8200284388 /* MSSegmentControl.app */;
			productType = "com.apple.product-type.application";
		};
/* End PBXNativeTarget section */

/* Begin PBXProject section */
		1F4E2203238B7E8200284388 /* Project object */ = {
			isa = PBXProject;
			attributes = {
				LastUpgradeCheck = 1030;
				ORGANIZATIONNAME = lovsoft;
				TargetAttributes = {
					1F4E220A238B7E8200284388 = {
						CreatedOnToolsVersion = 10.3;
					};
				};
			};
			buildConfigurationList = 1F4E2206238B7E8200284388 /* Build configuration list for PBXProject "MSSegmentedControlDemo" */;
			compatibilityVersion = "Xcode 9.3";
			developmentRegion = en;
			hasScannedForEncodings = 0;
			knownRegions = (
				en,
				Base,
			);
			mainGroup = 1F4E2202238B7E8200284388;
			productRefGroup = 1F4E220C238B7E8200284388 /* Products */;
			projectDirPath = "";
			projectRoot = "";
			targets = (
				1F4E220A238B7E8200284388 /* MSSegmentControl */,
			);
		};
/* End PBXProject section */

/* Begin PBXResourcesBuildPhase section */
		1F4E2209238B7E8200284388 /* Resources */ = {
			isa = PBXResourcesBuildPhase;
			buildActionMask = 2147483647;
			files = (
				1F4E221B238B7E8500284388 /* LaunchScreen.storyboard in Resources */,
				1F4E2218238B7E8500284388 /* Assets.xcassets in Resources */,
				1F4E2216238B7E8200284388 /* Main.storyboard in Resources */,
			);
			runOnlyForDeploymentPostprocessing = 0;
		};
/* End PBXResourcesBuildPhase section */

/* Begin PBXSourcesBuildPhase section */
		1F4E2207238B7E8200284388 /* Sources */ = {
			isa = PBXSourcesBuildPhase;
			buildActionMask = 2147483647;
			files = (
				1F4E2268238B80E100284388 /* MASConstraintMaker.m in Sources */,
				1F4E2213238B7E8200284388 /* ViewController.m in Sources */,
				1F4E2266238B80E100284388 /* ViewController+MASAdditions.m in Sources */,
				1F4E226D238B80E100284388 /* MASViewConstraint.m in Sources */,
				1F4E221E238B7E8500284388 /* main.m in Sources */,
				1F4E2269238B80E100284388 /* MASLayoutConstraint.m in Sources */,
				1F4E2273238B817200284388 /* MSSegmentedControl.m in Sources */,
				1F4E226C238B80E100284388 /* MASConstraint.m in Sources */,
				1F4E226A238B80E100284388 /* NSArray+MASAdditions.m in Sources */,
				1F4E2210238B7E8200284388 /* AppDelegate.m in Sources */,
				1F4E2267238B80E100284388 /* MASCompositeConstraint.m in Sources */,
				1F4E226B238B80E100284388 /* View+MASAdditions.m in Sources */,
				1F4E2265238B80E100284388 /* NSLayoutConstraint+MASDebugAdditions.m in Sources */,
				1F4E226E238B80E100284388 /* MASViewAttribute.m in Sources */,
			);
			runOnlyForDeploymentPostprocessing = 0;
		};
/* End PBXSourcesBuildPhase section */

/* Begin PBXVariantGroup section */
		1F4E2214238B7E8200284388 /* Main.storyboard */ = {
			isa = PBXVariantGroup;
			children = (
				1F4E2215238B7E8200284388 /* Base */,
			);
			name = Main.storyboard;
			sourceTree = "<group>";
		};
		1F4E2219238B7E8500284388 /* LaunchScreen.storyboard */ = {
			isa = PBXVariantGroup;
			children = (
				1F4E221A238B7E8500284388 /* Base */,
			);
			name = LaunchScreen.storyboard;
			sourceTree = "<group>";
		};
/* End PBXVariantGroup section */

/* Begin XCBuildConfiguration section */
		1F4E221F238B7E8500284388 /* Debug */ = {
			isa = XCBuildConfiguration;
			buildSettings = {
				ALWAYS_SEARCH_USER_PATHS = NO;
				CLANG_ANALYZER_NONNULL = YES;
				CLANG_ANALYZER_NUMBER_OBJECT_CONVERSION = YES_AGGRESSIVE;
				CLANG_CXX_LANGUAGE_STANDARD = "gnu++14";
				CLANG_CXX_LIBRARY = "libc++";
				CLANG_ENABLE_MODULES = YES;
				CLANG_ENABLE_OBJC_ARC = YES;
				CLANG_ENABLE_OBJC_WEAK = YES;
				CLANG_WARN_BLOCK_CAPTURE_AUTORELEASING = YES;
				CLANG_WARN_BOOL_CONVERSION = YES;
				CLANG_WARN_COMMA = YES;
				CLANG_WARN_CONSTANT_CONVERSION = YES;
				CLANG_WARN_DEPRECATED_OBJC_IMPLEMENTATIONS = YES;
				CLANG_WARN_DIRECT_OBJC_ISA_USAGE = YES_ERROR;
				CLANG_WARN_DOCUMENTATION_COMMENTS = YES;
				CLANG_WARN_EMPTY_BODY = YES;
				CLANG_WARN_ENUM_CONVERSION = YES;
				CLANG_WARN_INFINITE_RECURSION = YES;
				CLANG_WARN_INT_CONVERSION = YES;
				CLANG_WARN_NON_LITERAL_NULL_CONVERSION = YES;
				CLANG_WARN_OBJC_IMPLICIT_RETAIN_SELF = YES;
				CLANG_WARN_OBJC_LITERAL_CONVERSION = YES;
				CLANG_WARN_OBJC_ROOT_CLASS = YES_ERROR;
				CLANG_WARN_RANGE_LOOP_ANALYSIS = YES;
				CLANG_WARN_STRICT_PROTOTYPES = YES;
				CLANG_WARN_SUSPICIOUS_MOVE = YES;
				CLANG_WARN_UNGUARDED_AVAILABILITY = YES_AGGRESSIVE;
				CLANG_WARN_UNREACHABLE_CODE = YES;
				CLANG_WARN__DUPLICATE_METHOD_MATCH = YES;
				CODE_SIGN_IDENTITY = "iPhone Developer";
				COPY_PHASE_STRIP = NO;
				DEBUG_INFORMATION_FORMAT = dwarf;
				ENABLE_STRICT_OBJC_MSGSEND = YES;
				ENABLE_TESTABILITY = YES;
				GCC_C_LANGUAGE_STANDARD = gnu11;
				GCC_DYNAMIC_NO_PIC = NO;
				GCC_NO_COMMON_BLOCKS = YES;
				GCC_OPTIMIZATION_LEVEL = 0;
				GCC_PREPROCESSOR_DEFINITIONS = (
					"DEBUG=1",
					"$(inherited)",
				);
				GCC_WARN_64_TO_32_BIT_CONVERSION = YES;
				GCC_WARN_ABOUT_RETURN_TYPE = YES_ERROR;
				GCC_WARN_UNDECLARED_SELECTOR = YES;
				GCC_WARN_UNINITIALIZED_AUTOS = YES_AGGRESSIVE;
				GCC_WARN_UNUSED_FUNCTION = YES;
				GCC_WARN_UNUSED_VARIABLE = YES;
				IPHONEOS_DEPLOYMENT_TARGET = 13.2;
				MTL_ENABLE_DEBUG_INFO = INCLUDE_SOURCE;
				MTL_FAST_MATH = YES;
				ONLY_ACTIVE_ARCH = YES;
				SDKROOT = iphoneos;
			};
			name = Debug;
		};
		1F4E2220238B7E8500284388 /* Release */ = {
			isa = XCBuildConfiguration;
			buildSettings = {
				ALWAYS_SEARCH_USER_PATHS = NO;
				CLANG_ANALYZER_NONNULL = YES;
				CLANG_ANALYZER_NUMBER_OBJECT_CONVERSION = YES_AGGRESSIVE;
				CLANG_CXX_LANGUAGE_STANDARD = "gnu++14";
				CLANG_CXX_LIBRARY = "libc++";
				CLANG_ENABLE_MODULES = YES;
				CLANG_ENABLE_OBJC_ARC = YES;
				CLANG_ENABLE_OBJC_WEAK = YES;
				CLANG_WARN_BLOCK_CAPTURE_AUTORELEASING = YES;
				CLANG_WARN_BOOL_CONVERSION = YES;
				CLANG_WARN_COMMA = YES;
				CLANG_WARN_CONSTANT_CONVERSION = YES;
				CLANG_WARN_DEPRECATED_OBJC_IMPLEMENTATIONS = YES;
				CLANG_WARN_DIRECT_OBJC_ISA_USAGE = YES_ERROR;
				CLANG_WARN_DOCUMENTATION_COMMENTS = YES;
				CLANG_WARN_EMPTY_BODY = YES;
				CLANG_WARN_ENUM_CONVERSION = YES;
				CLANG_WARN_INFINITE_RECURSION = YES;
				CLANG_WARN_INT_CONVERSION = YES;
				CLANG_WARN_NON_LITERAL_NULL_CONVERSION = YES;
				CLANG_WARN_OBJC_IMPLICIT_RETAIN_SELF = YES;
				CLANG_WARN_OBJC_LITERAL_CONVERSION = YES;
				CLANG_WARN_OBJC_ROOT_CLASS = YES_ERROR;
				CLANG_WARN_RANGE_LOOP_ANALYSIS = YES;
				CLANG_WARN_STRICT_PROTOTYPES = YES;
				CLANG_WARN_SUSPICIOUS_MOVE = YES;
				CLANG_WARN_UNGUARDED_AVAILABILITY = YES_AGGRESSIVE;
				CLANG_WARN_UNREACHABLE_CODE = YES;
				CLANG_WARN__DUPLICATE_METHOD_MATCH = YES;
				CODE_SIGN_IDENTITY = "iPhone Developer";
				COPY_PHASE_STRIP = NO;
				DEBUG_INFORMATION_FORMAT = "dwarf-with-dsym";
				ENABLE_NS_ASSERTIONS = NO;
				ENABLE_STRICT_OBJC_MSGSEND = YES;
				GCC_C_LANGUAGE_STANDARD = gnu11;
				GCC_NO_COMMON_BLOCKS = YES;
				GCC_WARN_64_TO_32_BIT_CONVERSION = YES;
				GCC_WARN_ABOUT_RETURN_TYPE = YES_ERROR;
				GCC_WARN_UNDECLARED_SELECTOR = YES;
				GCC_WARN_UNINITIALIZED_AUTOS = YES_AGGRESSIVE;
				GCC_WARN_UNUSED_FUNCTION = YES;
				GCC_WARN_UNUSED_VARIABLE = YES;
				IPHONEOS_DEPLOYMENT_TARGET = 13.2;
				MTL_ENABLE_DEBUG_INFO = NO;
				MTL_FAST_MATH = YES;
				SDKROOT = iphoneos;
				VALIDATE_PRODUCT = YES;
			};
			name = Release;
		};
		1F4E2222238B7E8500284388 /* Debug */ = {
			isa = XCBuildConfiguration;
			buildSettings = {
				ASSETCATALOG_COMPILER_APPICON_NAME = AppIcon;
				CODE_SIGN_STYLE = Automatic;
				DEVELOPMENT_TEAM = 6R9ZUKM5X7;
				INFOPLIST_FILE = "$(SRCROOT)/MSSegmentedControlDemo/Info.plist";
				IPHONEOS_DEPLOYMENT_TARGET = 10.0;
				LD_RUNPATH_SEARCH_PATHS = (
					"$(inherited)",
					"@executable_path/Frameworks",
				);
				PRODUCT_BUNDLE_IDENTIFIER = com.lovsoft.MSSegmentedControl;
				PRODUCT_NAME = "$(TARGET_NAME)";
				TARGETED_DEVICE_FAMILY = "1,2";
			};
			name = Debug;
		};
		1F4E2223238B7E8500284388 /* Release */ = {
			isa = XCBuildConfiguration;
			buildSettings = {
				ASSETCATALOG_COMPILER_APPICON_NAME = AppIcon;
				CODE_SIGN_STYLE = Automatic;
				DEVELOPMENT_TEAM = 6R9ZUKM5X7;
				INFOPLIST_FILE = "$(SRCROOT)/MSSegmentedControlDemo/Info.plist";
				IPHONEOS_DEPLOYMENT_TARGET = 10.0;
				LD_RUNPATH_SEARCH_PATHS = (
					"$(inherited)",
					"@executable_path/Frameworks",
				);
				PRODUCT_BUNDLE_IDENTIFIER = com.lovsoft.MSSegmentedControl;
				PRODUCT_NAME = "$(TARGET_NAME)";
				TARGETED_DEVICE_FAMILY = "1,2";
			};
			name = Release;
		};
/* End XCBuildConfiguration section */

/* Begin XCConfigurationList section */
		1F4E2206238B7E8200284388 /* Build configuration list for PBXProject "MSSegmentedControlDemo" */ = {
			isa = XCConfigurationList;
			buildConfigurations = (
				1F4E221F238B7E8500284388 /* Debug */,
				1F4E2220238B7E8500284388 /* Release */,
			);
			defaultConfigurationIsVisible = 0;
			defaultConfigurationName = Release;
		};
		1F4E2221238B7E8500284388 /* Build configuration list for PBXNativeTarget "MSSegmentControl" */ = {
			isa = XCConfigurationList;
			buildConfigurations = (
				1F4E2222238B7E8500284388 /* Debug */,
				1F4E2223238B7E8500284388 /* Release */,
			);
			defaultConfigurationIsVisible = 0;
			defaultConfigurationName = Release;
		};
/* End XCConfigurationList section */
	};
	rootObject = 1F4E2203238B7E8200284388 /* Project object */;
}
